
Microsoft Visual Studio Solution File, Format Version 11.00
# Visual Studio 2010
Project("{FAE04EC0-301F-11D3-BF4B-00C04F79EFBC}") = "IPCRemotingClientSample", "IPCRemotingClientSample\IPCRemotingClientSample.csproj", "{1D18FEE5-F156-4636-8E38-1AD839C34EAB}"
EndProject
Project("{FAE04EC0-301F-11D3-BF4B-00C04F79EFBC}") = "IPCWindowsService", "IPCWindowsService\IPCWindowsService.csproj", "{5930D411-FBF1-4C5B-8F40-24BE3E8931E0}"
EndProject
Project("{FAE04EC0-301F-11D3-BF4B-00C04F79EFBC}") = "RemoteObjectAssembly", "RemoteObjectAssembly\RemoteObjectAssembly.csproj", "{729F787E-539A-49E1-BE17-21C532D37D91}"
EndProject
Project("{FAE04EC0-301F-11D3-BF4B-00C04F79EFBC}") = "IPCRemotingServerSample", "IPCRemotingServerSample\IPCRemotingServerSample.csproj", "{8F645DC0-87C9-4174-AF75-ED7C0AA56F06}"
EndProject
Global
	GlobalSection(SolutionConfigurationPlatforms) = preSolution
		Debug|Any CPU = Debug|Any CPU
		Debug|Mixed Platforms = Debug|Mixed Platforms
		Debug|x86 = Debug|x86
		Release|Any CPU = Release|Any CPU
		Release|Mixed Platforms = Release|Mixed Platforms
		Release|x86 = Release|x86
	EndGlobalSection
	GlobalSection(ProjectConfigurationPlatforms) = postSolution
		{1D18FEE5-F156-4636-8E38-1AD839C34EAB}.Debug|Any CPU.ActiveCfg = Debug|x86
		{1D18FEE5-F156-4636-8E38-1AD839C34EAB}.Debug|Mixed Platforms.ActiveCfg = Debug|x86
		{1D18FEE5-F156-4636-8E38-1AD839C34EAB}.Debug|Mixed Platforms.Build.0 = Debug|x86
		{1D18FEE5-F156-4636-8E38-1AD839C34EAB}.Debug|x86.ActiveCfg = Debug|x86
		{1D18FEE5-F156-4636-8E38-1AD839C34EAB}.Debug|x86.Build.0 = Debug|x86
		{1D18FEE5-F156-4636-8E38-1AD839C34EAB}.Release|Any CPU.ActiveCfg = Release|x86
		{1D18FEE5-F156-4636-8E38-1AD839C34EAB}.Release|Mixed Platforms.ActiveCfg = Release|x86
		{1D18FEE5-F156-4636-8E38-1AD839C34EAB}.Release|Mixed Platforms.Build.0 = Release|x86
		{1D18FEE5-F156-4636-8E38-1AD839C34EAB}.Release|x86.ActiveCfg = Release|x86
		{1D18FEE5-F156-4636-8E38-1AD839C34EAB}.Release|x86.Build.0 = Release|x86
		{5930D411-FBF1-4C5B-8F40-24BE3E8931E0}.Debug|Any CPU.ActiveCfg = Debug|x86
		{5930D411-FBF1-4C5B-8F40-24BE3E8931E0}.Debug|Mixed Platforms.ActiveCfg = Debug|x86
		{5930D411-FBF1-4C5B-8F40-24BE3E8931E0}.Debug|Mixed Platforms.Build.0 = Debug|x86
		{5930D411-FBF1-4C5B-8F40-24BE3E8931E0}.Debug|x86.ActiveCfg = Debug|x86
		{5930D411-FBF1-4C5B-8F40-24BE3E8931E0}.Debug|x86.Build.0 = Debug|x86
		{5930D411-FBF1-4C5B-8F40-24BE3E8931E0}.Release|Any CPU.ActiveCfg = Release|x86
		{5930D411-FBF1-4C5B-8F40-24BE3E8931E0}.Release|Mixed Platforms.ActiveCfg = Release|x86
		{5930D411-FBF1-4C5B-8F40-24BE3E8931E0}.Release|Mixed Platforms.Build.0 = Release|x86
		{5930D411-FBF1-4C5B-8F40-24BE3E8931E0}.Release|x86.ActiveCfg = Release|x86
		{5930D411-FBF1-4C5B-8F40-24BE3E8931E0}.Release|x86.Build.0 = Release|x86
		{729F787E-539A-49E1-BE17-21C532D37D91}.Debug|Any CPU.ActiveCfg = Debug|Any CPU
		{729F787E-539A-49E1-BE17-21C532D37D91}.Debug|Any CPU.Build.0 = Debug|Any CPU
		{729F787E-539A-49E1-BE17-21C532D37D91}.Debug|Mixed Platforms.ActiveCfg = Debug|Any CPU
		{729F787E-539A-49E1-BE17-21C532D37D91}.Debug|Mixed Platforms.Build.0 = Debug|Any CPU
		{729F787E-539A-49E1-BE17-21C532D37D91}.Debug|x86.ActiveCfg = Debug|Any CPU
		{729F787E-539A-49E1-BE17-21C532D37D91}.Release|Any CPU.ActiveCfg = Release|Any CPU
		{729F787E-539A-49E1-BE17-21C532D37D91}.Release|Any CPU.Build.0 = Release|Any CPU
		{729F787E-539A-49E1-BE17-21C532D37D91}.Release|Mixed Platforms.ActiveCfg = Release|Any CPU
		{729F787E-539A-49E1-BE17-21C532D37D91}.Release|Mixed Platforms.Build.0 = Release|Any CPU
		{729F787E-539A-49E1-BE17-21C532D37D91}.Release|x86.ActiveCfg = Release|Any CPU
		{8F645DC0-87C9-4174-AF75-ED7C0AA56F06}.Debug|Any CPU.ActiveCfg = Debug|x86
		{8F645DC0-87C9-4174-AF75-ED7C0AA56F06}.Debug|Mixed Platforms.ActiveCfg = Debug|x86
		{8F645DC0-87C9-4174-AF75-ED7C0AA56F06}.Debug|Mixed Platforms.Build.0 = Debug|x86
		{8F645DC0-87C9-4174-AF75-ED7C0AA56F06}.Debug|x86.ActiveCfg = Debug|x86
		{8F645DC0-87C9-4174-AF75-ED7C0AA56F06}.Debug|x86.Build.0 = Debug|x86
		{8F645DC0-87C9-4174-AF75-ED7C0AA56F06}.Release|Any CPU.ActiveCfg = Release|x86
		{8F645DC0-87C9-4174-AF75-ED7C0AA56F06}.Release|Mixed Platforms.ActiveCfg = Release|x86
		{8F645DC0-87C9-4174-AF75-ED7C0AA56F06}.Release|Mixed Platforms.Build.0 = Release|x86
		{8F645DC0-87C9-4174-AF75-ED7C0AA56F06}.Release|x86.ActiveCfg = Release|x86
		{8F645DC0-87C9-4174-AF75-ED7C0AA56F06}.Release|x86.Build.0 = Release|x86
	EndGlobalSection
	GlobalSection(SolutionProperties) = preSolution
		HideSolutionNode = FALSE
	EndGlobalSection
EndGlobal
